
Microsoft Visual Studio Solution File, Format Version 12.00
# Visual Studio Version 16
VisualStudioVersion = 16.0.29503.13
MinimumVisualStudioVersion = 10.0.40219.1
Project("{2150E333-8FDC-42A3-9474-1A3956D46DE8}") = ".paket", ".paket", "{9DEC0DAE-C1E4-4766-8706-706181F4667F}"
	ProjectSection(SolutionItems) = preProject
		..\..\paket.dependencies = ..\..\paket.dependencies
	EndProjectSection
EndProject
Project("{FAE04EC0-301F-11D3-BF4B-00C04F79EFBC}") = "PostSharpAndPaket", "PostSharpAndPaket.csproj", "{FC5D95DA-0016-458D-B2EA-D13C136774E7}"
EndProject
Global
	GlobalSection(SolutionConfigurationPlatforms) = preSolution
		Debug|Any CPU = Debug|Any CPU
		Release|Any CPU = Release|Any CPU
	EndGlobalSection
	GlobalSection(ProjectConfigurationPlatforms) = postSolution
		{FC5D95DA-0016-458D-B2EA-D13C136774E7}.Debug|Any CPU.ActiveCfg = Debug|Any CPU
		{FC5D95DA-0016-458D-B2EA-D13C136774E7}.Debug|Any CPU.Build.0 = Debug|Any CPU
		{FC5D95DA-0016-458D-B2EA-D13C136774E7}.Release|Any CPU.ActiveCfg = Release|Any CPU
		{FC5D95DA-0016-458D-B2EA-D13C136774E7}.Release|Any CPU.Build.0 = Release|Any CPU
	EndGlobalSection
	GlobalSection(SolutionProperties) = preSolution
		HideSolutionNode = FALSE
	EndGlobalSection
	GlobalSection(ExtensibilityGlobals) = postSolution
		SolutionGuid = {00D379CC-87DE-42EC-9CB4-5FA49A909577}
	EndGlobalSection
EndGlobal
